{
  "version": "2",
  "remote": {
    "https://deno.land/std@0.177.0/async/abortable.ts": "73acfb3ed7261ce0d930dbe89e43db8d34e017b063cf0eaa7d215477bf53442e",
    "https://deno.land/std@0.177.0/async/deadline.ts": "c5facb0b404eede83e38bd2717ea8ab34faa2ffb20ef87fd261fcba32ba307aa",
    "https://deno.land/std@0.177.0/async/debounce.ts": "adab11d04ca38d699444ac8a9d9856b4155e8dda2afd07ce78276c01ea5a4332",
    "https://deno.land/std@0.177.0/async/deferred.ts": "42790112f36a75a57db4a96d33974a936deb7b04d25c6084a9fa8a49f135def8",
    "https://deno.land/std@0.177.0/async/delay.ts": "73aa04cec034c84fc748c7be49bb15cac3dd43a57174bfdb7a4aec22c248f0dd",
    "https://deno.land/std@0.177.0/async/mod.ts": "f04344fa21738e5ad6bea37a6bfffd57c617c2d372bb9f9dcfd118a1b622e576",
    "https://deno.land/std@0.177.0/async/mux_async_iterator.ts": "70c7f2ee4e9466161350473ad61cac0b9f115cff4c552eaa7ef9d50c4cbb4cc9",
    "https://deno.land/std@0.177.0/async/pool.ts": "fd082bd4aaf26445909889435a5c74334c017847842ec035739b4ae637ae8260",
    "https://deno.land/std@0.177.0/async/retry.ts": "5efa3ba450ac0c07a40a82e2df296287b5013755d232049efd7ea2244f15b20f",
    "https://deno.land/std@0.177.0/async/tee.ts": "47e42d35f622650b02234d43803d0383a89eb4387e1b83b5a40106d18ae36757",
    "https://deno.land/std@0.177.0/http/server.ts": "cbb17b594651215ba95c01a395700684e569c165a567e4e04bba327f41197433",
    "https://deno.land/x/htm@0.0.10/mod.tsx": "59e6ccfb5c1742e0b4449e6df62115b9c8dbe732a826fa0aa089f46308519e35",
    "https://deno.land/x/htm@0.0.10/plugins.ts": "f0286e102fd5b04058c5887f1570ea465917c0f50431984e958af1782c03c38f",
    "https://esm.sh/@unocss/core@0.41.0": "be44ad4a4662eeaeca7b12e4500016ec5bd117cc4484cfcbeae8e6df98b35657",
    "https://esm.sh/@unocss/preset-wind@0.41.0?bundle&no-check": "6240c2b528a7d2204354f7aacb74e382a30bb3fc3b75e3a96ec4e6fe46357921",
    "https://esm.sh/preact-render-to-string@5.2.0?deps=preact@10.8.2": "df5cf841bd924deaddd5d6dff2d2a26ab42368bcd05191342c2def769c0649d4",
    "https://esm.sh/preact@10.7.2": "d2befa524b95d89725aff7686aa4e6ec20b008441fa39a64d784e958c4bd93d9",
    "https://esm.sh/preact@10.8.2": "596dfe833c05c2c1b8a5b8bcfb861ef5a7a8ac9d89e4365e27f844b9a6e0dd86",
    "https://esm.sh/stable/preact@10.7.2/deno/preact.mjs": "4d8ed3f72c0f63ccf02dc7083595689af78435c4d68aafc9927c747e241a95c1",
    "https://esm.sh/stable/preact@10.8.2/deno/preact.mjs": "75d1231fbc03728b0ffcf66ccf562214a728b24d6cdcc19e637dc8268211c9df",
    "https://esm.sh/v118/preact@10.7.2/src/index.d.ts": "d3e2e5125321d592d2458226f311de66411f2fa949e546cbaaefa533c4fb89e3",
    "https://esm.sh/v118/preact@10.7.2/src/jsx.d.ts": "34f373b3884220b13db52d54272a8c2f2c20e56d7c931523fc64bd6645240897",
    "https://esm.sh/v118/preact@10.8.2/src/index.d.ts": "d3e2e5125321d592d2458226f311de66411f2fa949e546cbaaefa533c4fb89e3",
    "https://esm.sh/v118/preact@10.8.2/src/jsx.d.ts": "c5d73e52438e7ce5f9333778aad2c38f5f45023c5035d0cc309badceb2ba2a55",
    "https://esm.sh/v119/@antfu/utils@0.5.2/index.d.ts": "b55dd2eb5ced2eec9fbac96be6fe8d5c30cb9fd875fd47f711882c7e3c2a857d",
    "https://esm.sh/v119/@unocss/core@0.41.0/deno/core.mjs": "dadadef44938f76c97d762a666e920725448c287566c61dc5b81f089986d1e68",
    "https://esm.sh/v119/@unocss/core@0.41.0/dist/index.d.ts": "adc1253f760060e36e080cd0a40162b036343554f67463dda37e289e54877db9",
    "https://esm.sh/v119/@unocss/preset-mini@0.41.0/deno/preset-mini.mjs": "ed00173d5b13846ebe6fa49f59d4ecb875f202d4bbe7d10a7bfe289cfa09b66f",
    "https://esm.sh/v119/@unocss/preset-mini@0.41.0/deno/rules.js": "51d2da456bf79275832e987ceb3a626004cff41979fd7ccdeb85ee2d6345bd54",
    "https://esm.sh/v119/@unocss/preset-mini@0.41.0/deno/theme.js": "d315f4552bbb73761197c89cd7a9eba74c664bf7f11351c5f5924b5cfe985a81",
    "https://esm.sh/v119/@unocss/preset-mini@0.41.0/deno/utils.js": "7886b7e705608b3bb29a558dba72008b9ce381b49e6c3e80205933957c9f793d",
    "https://esm.sh/v119/@unocss/preset-mini@0.41.0/deno/variants.js": "4a2b3e6dbcc7ca68138a93dd140f624eed8afd84799830553729b01cf6f10a88",
    "https://esm.sh/v119/@unocss/preset-wind@0.41.0/deno/preset-wind.bundle.mjs": "b04e0a204bbcd76aa29be8511e6baeb40151c17a75ec72b02be62b9db291721c",
    "https://esm.sh/v119/magic-string@0.30.0/index.d.ts": "dff50cb5dc6990d26ea2a5a3320132e872d258d283599e744c8fa603ab40f88b",
    "https://esm.sh/v119/preact-render-to-string@5.2.0/X-ZC9wcmVhY3RAMTAuOC4y/deno/preact-render-to-string.mjs": "f39ac2d3c849defcfad246408180b50cd38507327fcdce6dcd5354c12209c8c0",
    "https://esm.sh/v119/preact-render-to-string@5.2.0/X-ZC9wcmVhY3RAMTAuOC4y/src/index.d.ts": "b33208df85b8eaad1ab57ee60dcabf63c829236870e6768d1a9cc8a3f63b05a8",
    "https://esm.sh/v119/unconfig@0.3.7/dist/index.d.ts": "0d047d2b6b62cc8f61f35c4a5bc3c7e2fbfe217183fbdcb49dde04e255c1f393",
    "https://esm.sh/v119/unconfig@0.3.7/dist/types-6886c41e.d.ts": "998ac36d4849ee6c4ff5ac2d438a6bbab276562a9bfe62ce8d0b6ef3c6f4e256"
  }
}
